
Microsoft Visual Studio Solution File, Format Version 12.00
# Visual Studio 15
VisualStudioVersion = 15.0.34320.172
MinimumVisualStudioVersion = 10.0.40219.1
Project("{8BC9CEB8-8B4A-11D0-8D11-00A0C91BC942}") = "MainConsole", "MainConsole.vcxproj", "{6844CD4B-892B-308A-86FB-AB1FEE204F34}"
EndProject
Global
	GlobalSection(SolutionConfigurationPlatforms) = preSolution
		Debug|x86 = Debug|x86
		Release|x86 = Release|x86
	EndGlobalSection
	GlobalSection(ProjectConfigurationPlatforms) = postSolution
		{6844CD4B-892B-308A-86FB-AB1FEE204F34}.Debug|x86.ActiveCfg = Debug|Win32
		{6844CD4B-892B-308A-86FB-AB1FEE204F34}.Debug|x86.Build.0 = Debug|Win32
		{6844CD4B-892B-308A-86FB-AB1FEE204F34}.Release|x86.ActiveCfg = Release|Win32
		{6844CD4B-892B-308A-86FB-AB1FEE204F34}.Release|x86.Build.0 = Release|Win32
	EndGlobalSection
	GlobalSection(SolutionProperties) = preSolution
		HideSolutionNode = FALSE
	EndGlobalSection
	GlobalSection(ExtensibilityGlobals) = postSolution
		SolutionGuid = {95F28FDA-824F-437B-8832-C9081E6F70D8}
	EndGlobalSection
EndGlobal
